
Microsoft Visual Studio Solution File, Format Version 11.00
# Visual C# Express 2010
Project("{FAE04EC0-301F-11D3-BF4B-00C04F79EFBC}") = "10-2", "broyni sistemi\10-2.csproj", "{1611B872-6875-46D7-8091-C6A4D7240586}"
EndProject
Project("{FAE04EC0-301F-11D3-BF4B-00C04F79EFBC}") = "10-16", "ConsoleApplication1\10-16.csproj", "{CA897741-B783-415F-A199-0E97C823565A}"
EndProject
Project("{FAE04EC0-301F-11D3-BF4B-00C04F79EFBC}") = "2-10", "ConsoleApplication2\2-10.csproj", "{6FE6F4E7-B54A-41E8-BF52-56626B2186EE}"
EndProject
Project("{FAE04EC0-301F-11D3-BF4B-00C04F79EFBC}") = "16-10", "ConsoleApplication3\16-10.csproj", "{8015F2F2-4F45-4FE1-9173-B9A6F1E3429E}"
EndProject
Project("{FAE04EC0-301F-11D3-BF4B-00C04F79EFBC}") = "16-2", "ConsoleApplication4\16-2.csproj", "{18426E20-82A8-4DAA-AB47-82FB5F46EC07}"
EndProject
Project("{FAE04EC0-301F-11D3-BF4B-00C04F79EFBC}") = "2-16", "ConsoleApplication5\2-16.csproj", "{CBDF683B-C40A-471B-9984-42E697321B66}"
EndProject
Global
	GlobalSection(SolutionConfigurationPlatforms) = preSolution
		Debug|x86 = Debug|x86
		Release|x86 = Release|x86
	EndGlobalSection
	GlobalSection(ProjectConfigurationPlatforms) = postSolution
		{1611B872-6875-46D7-8091-C6A4D7240586}.Debug|x86.ActiveCfg = Debug|x86
		{1611B872-6875-46D7-8091-C6A4D7240586}.Debug|x86.Build.0 = Debug|x86
		{1611B872-6875-46D7-8091-C6A4D7240586}.Release|x86.ActiveCfg = Release|x86
		{1611B872-6875-46D7-8091-C6A4D7240586}.Release|x86.Build.0 = Release|x86
		{CA897741-B783-415F-A199-0E97C823565A}.Debug|x86.ActiveCfg = Debug|x86
		{CA897741-B783-415F-A199-0E97C823565A}.Debug|x86.Build.0 = Debug|x86
		{CA897741-B783-415F-A199-0E97C823565A}.Release|x86.ActiveCfg = Release|x86
		{CA897741-B783-415F-A199-0E97C823565A}.Release|x86.Build.0 = Release|x86
		{6FE6F4E7-B54A-41E8-BF52-56626B2186EE}.Debug|x86.ActiveCfg = Debug|x86
		{6FE6F4E7-B54A-41E8-BF52-56626B2186EE}.Debug|x86.Build.0 = Debug|x86
		{6FE6F4E7-B54A-41E8-BF52-56626B2186EE}.Release|x86.ActiveCfg = Release|x86
		{6FE6F4E7-B54A-41E8-BF52-56626B2186EE}.Release|x86.Build.0 = Release|x86
		{8015F2F2-4F45-4FE1-9173-B9A6F1E3429E}.Debug|x86.ActiveCfg = Debug|x86
		{8015F2F2-4F45-4FE1-9173-B9A6F1E3429E}.Debug|x86.Build.0 = Debug|x86
		{8015F2F2-4F45-4FE1-9173-B9A6F1E3429E}.Release|x86.ActiveCfg = Release|x86
		{8015F2F2-4F45-4FE1-9173-B9A6F1E3429E}.Release|x86.Build.0 = Release|x86
		{18426E20-82A8-4DAA-AB47-82FB5F46EC07}.Debug|x86.ActiveCfg = Debug|x86
		{18426E20-82A8-4DAA-AB47-82FB5F46EC07}.Debug|x86.Build.0 = Debug|x86
		{18426E20-82A8-4DAA-AB47-82FB5F46EC07}.Release|x86.ActiveCfg = Release|x86
		{18426E20-82A8-4DAA-AB47-82FB5F46EC07}.Release|x86.Build.0 = Release|x86
		{CBDF683B-C40A-471B-9984-42E697321B66}.Debug|x86.ActiveCfg = Debug|x86
		{CBDF683B-C40A-471B-9984-42E697321B66}.Debug|x86.Build.0 = Debug|x86
		{CBDF683B-C40A-471B-9984-42E697321B66}.Release|x86.ActiveCfg = Release|x86
		{CBDF683B-C40A-471B-9984-42E697321B66}.Release|x86.Build.0 = Release|x86
	EndGlobalSection
	GlobalSection(SolutionProperties) = preSolution
		HideSolutionNode = FALSE
	EndGlobalSection
EndGlobal
